// !$*UTF8*$!
{
	archiveVersion = 1;
	classes = {
	};
	objectVersion = 50;
	objects = {

/* Begin PBXBuildFile section */
		4A36EE998723383A7ABACCCA /* Pods_ImageExportor.framework in Frameworks */ = {isa = PBXBuildFile; fileRef = 9CCCA983C223D9BFA58118CE /* Pods_ImageExportor.framework */; };
		85FDC288367563F0F09D69A3 /* Pods_DroneSimulator.framework in Frameworks */ = {isa = PBXBuildFile; fileRef = 30F0CD8E6F48CA4BEF239691 /* Pods_DroneSimulator.framework */; };
		9F184F54213270DC0062C9E4 /* Image.swift in Sources */ = {isa = PBXBuildFile; fileRef = 9F184F53213270DC0062C9E4 /* Image.swift */; };
		9F8F22FA2122DAA100F5617A /* AppDelegate.swift in Sources */ = {isa = PBXBuildFile; fileRef = 9F8F22F92122DAA100F5617A /* AppDelegate.swift */; };
		9F8F22FC2122DAA100F5617A /* ViewController.swift in Sources */ = {isa = PBXBuildFile; fileRef = 9F8F22FB2122DAA100F5617A /* ViewController.swift */; };
		9F8F22FF2122DAA100F5617A /* Main.storyboard in Resources */ = {isa = PBXBuildFile; fileRef = 9F8F22FD2122DAA100F5617A /* Main.storyboard */; };
		9F8F23022122DAA100F5617A /* DroneSimulator.xcdatamodeld in Sources */ = {isa = PBXBuildFile; fileRef = 9F8F23002122DAA100F5617A /* DroneSimulator.xcdatamodeld */; };
		9F8F23042122DAA200F5617A /* Assets.xcassets in Resources */ = {isa = PBXBuildFile; fileRef = 9F8F23032122DAA200F5617A /* Assets.xcassets */; };
		9F8F23072122DAA200F5617A /* LaunchScreen.storyboard in Resources */ = {isa = PBXBuildFile; fileRef = 9F8F23052122DAA200F5617A /* LaunchScreen.storyboard */; };
		9FB7DB4F2143A51300A4A75A /* DSTabBarController.swift in Sources */ = {isa = PBXBuildFile; fileRef = 9FB7DB4E2143A51300A4A75A /* DSTabBarController.swift */; };
		9FB7DB512143B55000A4A75A /* FilteringImageController.swift in Sources */ = {isa = PBXBuildFile; fileRef = 9FB7DB502143B55000A4A75A /* FilteringImageController.swift */; };
		9FB7DB592143E36000A4A75A /* ShareViewController.swift in Sources */ = {isa = PBXBuildFile; fileRef = 9FB7DB582143E36000A4A75A /* ShareViewController.swift */; };
		9FB7DB5C2143E36000A4A75A /* MainInterface.storyboard in Resources */ = {isa = PBXBuildFile; fileRef = 9FB7DB5A2143E36000A4A75A /* MainInterface.storyboard */; };
		9FB7DB602143E36000A4A75A /* ImageExportor.appex in Embed App Extensions */ = {isa = PBXBuildFile; fileRef = 9FB7DB562143E36000A4A75A /* ImageExportor.appex */; settings = {ATTRIBUTES = (RemoveHeadersOnCopy, ); }; };
/* End PBXBuildFile section */

/* Begin PBXContainerItemProxy section */
		9FB7DB5E2143E36000A4A75A /* PBXContainerItemProxy */ = {
			isa = PBXContainerItemProxy;
			containerPortal = 9F8F22EE2122DAA100F5617A /* Project object */;
			proxyType = 1;
			remoteGlobalIDString = 9FB7DB552143E36000A4A75A;
			remoteInfo = ImageExportor;
		};
/* End PBXContainerItemProxy section */

/* Begin PBXCopyFilesBuildPhase section */
		9FB7DB642143E36000A4A75A /* Embed App Extensions */ = {
			isa = PBXCopyFilesBuildPhase;
			buildActionMask = 2147483647;
			dstPath = "";
			dstSubfolderSpec = 13;
			files = (
				9FB7DB602143E36000A4A75A /* ImageExportor.appex in Embed App Extensions */,
			);
			name = "Embed App Extensions";
			runOnlyForDeploymentPostprocessing = 0;
		};
/* End PBXCopyFilesBuildPhase section */

/* Begin PBXFileReference section */
		06004B42AC3563ED890F0D43 /* Pods-ImageExportor.debug.xcconfig */ = {isa = PBXFileReference; includeInIndex = 1; lastKnownFileType = text.xcconfig; name = "Pods-ImageExportor.debug.xcconfig"; path = "Pods/Target Support Files/Pods-ImageExportor/Pods-ImageExportor.debug.xcconfig"; sourceTree = "<group>"; };
		30F0CD8E6F48CA4BEF239691 /* Pods_DroneSimulator.framework */ = {isa = PBXFileReference; explicitFileType = wrapper.framework; includeInIndex = 0; path = Pods_DroneSimulator.framework; sourceTree = BUILT_PRODUCTS_DIR; };
		8377F352983F31BE635E4001 /* Pods-DroneSimulator.release.xcconfig */ = {isa = PBXFileReference; includeInIndex = 1; lastKnownFileType = text.xcconfig; name = "Pods-DroneSimulator.release.xcconfig"; path = "Pods/Target Support Files/Pods-DroneSimulator/Pods-DroneSimulator.release.xcconfig"; sourceTree = "<group>"; };
		9BA64D5E024B907F0E4B670D /* Pods-ImageExportor.release.xcconfig */ = {isa = PBXFileReference; includeInIndex = 1; lastKnownFileType = text.xcconfig; name = "Pods-ImageExportor.release.xcconfig"; path = "Pods/Target Support Files/Pods-ImageExportor/Pods-ImageExportor.release.xcconfig"; sourceTree = "<group>"; };
		9CCCA983C223D9BFA58118CE /* Pods_ImageExportor.framework */ = {isa = PBXFileReference; explicitFileType = wrapper.framework; includeInIndex = 0; path = Pods_ImageExportor.framework; sourceTree = BUILT_PRODUCTS_DIR; };
		9F184F53213270DC0062C9E4 /* Image.swift */ = {isa = PBXFileReference; lastKnownFileType = sourcecode.swift; path = Image.swift; sourceTree = "<group>"; };
		9F8F22F62122DAA100F5617A /* DroneSimulator.app */ = {isa = PBXFileReference; explicitFileType = wrapper.application; includeInIndex = 0; path = DroneSimulator.app; sourceTree = BUILT_PRODUCTS_DIR; };
		9F8F22F92122DAA100F5617A /* AppDelegate.swift */ = {isa = PBXFileReference; lastKnownFileType = sourcecode.swift; path = AppDelegate.swift; sourceTree = "<group>"; };
		9F8F22FB2122DAA100F5617A /* ViewController.swift */ = {isa = PBXFileReference; lastKnownFileType = sourcecode.swift; path = ViewController.swift; sourceTree = "<group>"; };
		9F8F22FE2122DAA100F5617A /* Base */ = {isa = PBXFileReference; lastKnownFileType = file.storyboard; name = Base; path = Base.lproj/Main.storyboard; sourceTree = "<group>"; };
		9F8F23012122DAA100F5617A /* DroneSimulator.xcdatamodel */ = {isa = PBXFileReference; lastKnownFileType = wrapper.xcdatamodel; path = DroneSimulator.xcdatamodel; sourceTree = "<group>"; };
		9F8F23032122DAA200F5617A /* Assets.xcassets */ = {isa = PBXFileReference; lastKnownFileType = folder.assetcatalog; path = Assets.xcassets; sourceTree = "<group>"; };
		9F8F23062122DAA200F5617A /* Base */ = {isa = PBXFileReference; lastKnownFileType = file.storyboard; name = Base; path = Base.lproj/LaunchScreen.storyboard; sourceTree = "<group>"; };
		9F8F23082122DAA200F5617A /* Info.plist */ = {isa = PBXFileReference; lastKnownFileType = text.plist.xml; path = Info.plist; sourceTree = "<group>"; };
		9FB7DB4E2143A51300A4A75A /* DSTabBarController.swift */ = {isa = PBXFileReference; lastKnownFileType = sourcecode.swift; path = DSTabBarController.swift; sourceTree = "<group>"; };
		9FB7DB502143B55000A4A75A /* FilteringImageController.swift */ = {isa = PBXFileReference; lastKnownFileType = sourcecode.swift; path = FilteringImageController.swift; sourceTree = "<group>"; };
		9FB7DB562143E36000A4A75A /* ImageExportor.appex */ = {isa = PBXFileReference; explicitFileType = "wrapper.app-extension"; includeInIndex = 0; path = ImageExportor.appex; sourceTree = BUILT_PRODUCTS_DIR; };
		9FB7DB582143E36000A4A75A /* ShareViewController.swift */ = {isa = PBXFileReference; lastKnownFileType = sourcecode.swift; path = ShareViewController.swift; sourceTree = "<group>"; };
		9FB7DB5B2143E36000A4A75A /* Base */ = {isa = PBXFileReference; lastKnownFileType = file.storyboard; name = Base; path = Base.lproj/MainInterface.storyboard; sourceTree = "<group>"; };
		9FB7DB5D2143E36000A4A75A /* Info.plist */ = {isa = PBXFileReference; lastKnownFileType = text.plist.xml; path = Info.plist; sourceTree = "<group>"; };
		E2D78E419ED8577DA16083E6 /* Pods-DroneSimulator.debug.xcconfig */ = {isa = PBXFileReference; includeInIndex = 1; lastKnownFileType = text.xcconfig; name = "Pods-DroneSimulator.debug.xcconfig"; path = "Pods/Target Support Files/Pods-DroneSimulator/Pods-DroneSimulator.debug.xcconfig"; sourceTree = "<group>"; };
/* End PBXFileReference section */

/* Begin PBXFrameworksBuildPhase section */
		9F8F22F32122DAA100F5617A /* Frameworks */ = {
			isa = PBXFrameworksBuildPhase;
			buildActionMask = 2147483647;
			files = (
				85FDC288367563F0F09D69A3 /* Pods_DroneSimulator.framework in Frameworks */,
			);
			runOnlyForDeploymentPostprocessing = 0;
		};
		9FB7DB532143E36000A4A75A /* Frameworks */ = {
			isa = PBXFrameworksBuildPhase;
			buildActionMask = 2147483647;
			files = (
				4A36EE998723383A7ABACCCA /* Pods_ImageExportor.framework in Frameworks */,
			);
			runOnlyForDeploymentPostprocessing = 0;
		};
/* End PBXFrameworksBuildPhase section */

/* Begin PBXGroup section */
		0D77CE9C1F1AA8B1A5325568 /* Pods */ = {
			isa = PBXGroup;
			children = (
				E2D78E419ED8577DA16083E6 /* Pods-DroneSimulator.debug.xcconfig */,
				8377F352983F31BE635E4001 /* Pods-DroneSimulator.release.xcconfig */,
				06004B42AC3563ED890F0D43 /* Pods-ImageExportor.debug.xcconfig */,
				9BA64D5E024B907F0E4B670D /* Pods-ImageExportor.release.xcconfig */,
			);
			name = Pods;
			sourceTree = "<group>";
		};
		47FB4C8FF29B088EBF357F4E /* Frameworks */ = {
			isa = PBXGroup;
			children = (
				30F0CD8E6F48CA4BEF239691 /* Pods_DroneSimulator.framework */,
				9CCCA983C223D9BFA58118CE /* Pods_ImageExportor.framework */,
			);
			name = Frameworks;
			sourceTree = "<group>";
		};
		9F184F52213270C40062C9E4 /* Model */ = {
			isa = PBXGroup;
			children = (
				9F184F53213270DC0062C9E4 /* Image.swift */,
			);
			path = Model;
			sourceTree = "<group>";
		};
		9F8F22ED2122DAA100F5617A = {
			isa = PBXGroup;
			children = (
				9F8F22F82122DAA100F5617A /* DroneSimulator */,
				9FB7DB572143E36000A4A75A /* ImageExportor */,
				9F8F22F72122DAA100F5617A /* Products */,
				0D77CE9C1F1AA8B1A5325568 /* Pods */,
				47FB4C8FF29B088EBF357F4E /* Frameworks */,
			);
			sourceTree = "<group>";
		};
		9F8F22F72122DAA100F5617A /* Products */ = {
			isa = PBXGroup;
			children = (
				9F8F22F62122DAA100F5617A /* DroneSimulator.app */,
				9FB7DB562143E36000A4A75A /* ImageExportor.appex */,
			);
			name = Products;
			sourceTree = "<group>";
		};
		9F8F22F82122DAA100F5617A /* DroneSimulator */ = {
			isa = PBXGroup;
			children = (
				9F184F52213270C40062C9E4 /* Model */,
				9F8F22F92122DAA100F5617A /* AppDelegate.swift */,
				9FB7DB4E2143A51300A4A75A /* DSTabBarController.swift */,
				9FB7DB502143B55000A4A75A /* FilteringImageController.swift */,
				9F8F22FB2122DAA100F5617A /* ViewController.swift */,
				9F8F22FD2122DAA100F5617A /* Main.storyboard */,
				9F8F23032122DAA200F5617A /* Assets.xcassets */,
				9F8F23052122DAA200F5617A /* LaunchScreen.storyboard */,
				9F8F23082122DAA200F5617A /* Info.plist */,
				9F8F23002122DAA100F5617A /* DroneSimulator.xcdatamodeld */,
			);
			path = DroneSimulator;
			sourceTree = "<group>";
		};
		9FB7DB572143E36000A4A75A /* ImageExportor */ = {
			isa = PBXGroup;
			children = (
				9FB7DB582143E36000A4A75A /* ShareViewController.swift */,
				9FB7DB5A2143E36000A4A75A /* MainInterface.storyboard */,
				9FB7DB5D2143E36000A4A75A /* Info.plist */,
			);
			path = ImageExportor;
			sourceTree = "<group>";
		};
/* End PBXGroup section */

/* Begin PBXNativeTarget section */
		9F8F22F52122DAA100F5617A /* DroneSimulator */ = {
			isa = PBXNativeTarget;
			buildConfigurationList = 9F8F230B2122DAA200F5617A /* Build configuration list for PBXNativeTarget "DroneSimulator" */;
			buildPhases = (
				DA9C4016FE4362DA9A281C0D /* [CP] Check Pods Manifest.lock */,
				9F8F22F22122DAA100F5617A /* Sources */,
				9F8F22F32122DAA100F5617A /* Frameworks */,
				9F8F22F42122DAA100F5617A /* Resources */,
				0CA7B02FC6505ED410D0E71B /* [CP] Embed Pods Frameworks */,
				9FB7DB642143E36000A4A75A /* Embed App Extensions */,
			);
			buildRules = (
			);
			dependencies = (
				9FB7DB5F2143E36000A4A75A /* PBXTargetDependency */,
			);
			name = DroneSimulator;
			productName = DroneSimulator;
			productReference = 9F8F22F62122DAA100F5617A /* DroneSimulator.app */;
			productType = "com.apple.product-type.application";
		};
		9FB7DB552143E36000A4A75A /* ImageExportor */ = {
			isa = PBXNativeTarget;
			buildConfigurationList = 9FB7DB612143E36000A4A75A /* Build configuration list for PBXNativeTarget "ImageExportor" */;
			buildPhases = (
				44EF640E417AFC509644E883 /* [CP] Check Pods Manifest.lock */,
				9FB7DB522143E36000A4A75A /* Sources */,
				9FB7DB532143E36000A4A75A /* Frameworks */,
				9FB7DB542143E36000A4A75A /* Resources */,
			);
			buildRules = (
			);
			dependencies = (
			);
			name = ImageExportor;
			productName = ImageExportor;
			productReference = 9FB7DB562143E36000A4A75A /* ImageExportor.appex */;
			productType = "com.apple.product-type.app-extension";
		};
/* End PBXNativeTarget section */

/* Begin PBXProject section */
		9F8F22EE2122DAA100F5617A /* Project object */ = {
			isa = PBXProject;
			attributes = {
				LastSwiftUpdateCheck = 0940;
				LastUpgradeCheck = 0940;
				ORGANIZATIONNAME = "KyungYoung Heo";
				TargetAttributes = {
					9F8F22F52122DAA100F5617A = {
						CreatedOnToolsVersion = 9.4.1;
					};
					9FB7DB552143E36000A4A75A = {
						CreatedOnToolsVersion = 9.4.1;
					};
				};
			};
			buildConfigurationList = 9F8F22F12122DAA100F5617A /* Build configuration list for PBXProject "DroneSimulator" */;
			compatibilityVersion = "Xcode 9.3";
			developmentRegion = en;
			hasScannedForEncodings = 0;
			knownRegions = (
				en,
				Base,
			);
			mainGroup = 9F8F22ED2122DAA100F5617A;
			productRefGroup = 9F8F22F72122DAA100F5617A /* Products */;
			projectDirPath = "";
			projectRoot = "";
			targets = (
				9F8F22F52122DAA100F5617A /* DroneSimulator */,
				9FB7DB552143E36000A4A75A /* ImageExportor */,
			);
		};
/* End PBXProject section */

/* Begin PBXResourcesBuildPhase section */
		9F8F22F42122DAA100F5617A /* Resources */ = {
			isa = PBXResourcesBuildPhase;
			buildActionMask = 2147483647;
			files = (
				9F8F23072122DAA200F5617A /* LaunchScreen.storyboard in Resources */,
				9F8F23042122DAA200F5617A /* Assets.xcassets in Resources */,
				9F8F22FF2122DAA100F5617A /* Main.storyboard in Resources */,
			);
			runOnlyForDeploymentPostprocessing = 0;
		};
		9FB7DB542143E36000A4A75A /* Resources */ = {
			isa = PBXResourcesBuildPhase;
			buildActionMask = 2147483647;
			files = (
				9FB7DB5C2143E36000A4A75A /* MainInterface.storyboard in Resources */,
			);
			runOnlyForDeploymentPostprocessing = 0;
		};
/* End PBXResourcesBuildPhase section */

/* Begin PBXShellScriptBuildPhase section */
		0CA7B02FC6505ED410D0E71B /* [CP] Embed Pods Frameworks */ = {
			isa = PBXShellScriptBuildPhase;
			buildActionMask = 2147483647;
			files = (
			);
			inputPaths = (
				"${SRCROOT}/Pods/Target Support Files/Pods-DroneSimulator/Pods-DroneSimulator-frameworks.sh",
				"${BUILT_PRODUCTS_DIR}/Alamofire/Alamofire.framework",
			);
			name = "[CP] Embed Pods Frameworks";
			outputPaths = (
				"${TARGET_BUILD_DIR}/${FRAMEWORKS_FOLDER_PATH}/Alamofire.framework",
			);
			runOnlyForDeploymentPostprocessing = 0;
			shellPath = /bin/sh;
			shellScript = "\"${SRCROOT}/Pods/Target Support Files/Pods-DroneSimulator/Pods-DroneSimulator-frameworks.sh\"\n";
			showEnvVarsInLog = 0;
		};
		44EF640E417AFC509644E883 /* [CP] Check Pods Manifest.lock */ = {
			isa = PBXShellScriptBuildPhase;
			buildActionMask = 2147483647;
			files = (
			);
			inputPaths = (
				"${PODS_PODFILE_DIR_PATH}/Podfile.lock",
				"${PODS_ROOT}/Manifest.lock",
			);
			name = "[CP] Check Pods Manifest.lock";
			outputPaths = (
				"$(DERIVED_FILE_DIR)/Pods-ImageExportor-checkManifestLockResult.txt",
			);
			runOnlyForDeploymentPostprocessing = 0;
			shellPath = /bin/sh;
			shellScript = "diff \"${PODS_PODFILE_DIR_PATH}/Podfile.lock\" \"${PODS_ROOT}/Manifest.lock\" > /dev/null\nif [ $? != 0 ] ; then\n    # print error to STDERR\n    echo \"error: The sandbox is not in sync with the Podfile.lock. Run 'pod install' or update your CocoaPods installation.\" >&2\n    exit 1\nfi\n# This output is used by Xcode 'outputs' to avoid re-running this script phase.\necho \"SUCCESS\" > \"${SCRIPT_OUTPUT_FILE_0}\"\n";
			showEnvVarsInLog = 0;
		};
		DA9C4016FE4362DA9A281C0D /* [CP] Check Pods Manifest.lock */ = {
			isa = PBXShellScriptBuildPhase;
			buildActionMask = 2147483647;
			files = (
			);
			inputPaths = (
				"${PODS_PODFILE_DIR_PATH}/Podfile.lock",
				"${PODS_ROOT}/Manifest.lock",
			);
			name = "[CP] Check Pods Manifest.lock";
			outputPaths = (
				"$(DERIVED_FILE_DIR)/Pods-DroneSimulator-checkManifestLockResult.txt",
			);
			runOnlyForDeploymentPostprocessing = 0;
			shellPath = /bin/sh;
			shellScript = "diff \"${PODS_PODFILE_DIR_PATH}/Podfile.lock\" \"${PODS_ROOT}/Manifest.lock\" > /dev/null\nif [ $? != 0 ] ; then\n    # print error to STDERR\n    echo \"error: The sandbox is not in sync with the Podfile.lock. Run 'pod install' or update your CocoaPods installation.\" >&2\n    exit 1\nfi\n# This output is used by Xcode 'outputs' to avoid re-running this script phase.\necho \"SUCCESS\" > \"${SCRIPT_OUTPUT_FILE_0}\"\n";
			showEnvVarsInLog = 0;
		};
/* End PBXShellScriptBuildPhase section */

/* Begin PBXSourcesBuildPhase section */
		9F8F22F22122DAA100F5617A /* Sources */ = {
			isa = PBXSourcesBuildPhase;
			buildActionMask = 2147483647;
			files = (
				9F8F22FC2122DAA100F5617A /* ViewController.swift in Sources */,
				9F184F54213270DC0062C9E4 /* Image.swift in Sources */,
				9F8F22FA2122DAA100F5617A /* AppDelegate.swift in Sources */,
				9FB7DB4F2143A51300A4A75A /* DSTabBarController.swift in Sources */,
				9FB7DB512143B55000A4A75A /* FilteringImageController.swift in Sources */,
				9F8F23022122DAA100F5617A /* DroneSimulator.xcdatamodeld in Sources */,
			);
			runOnlyForDeploymentPostprocessing = 0;
		};
		9FB7DB522143E36000A4A75A /* Sources */ = {
			isa = PBXSourcesBuildPhase;
			buildActionMask = 2147483647;
			files = (
				9FB7DB592143E36000A4A75A /* ShareViewController.swift in Sources */,
			);
			runOnlyForDeploymentPostprocessing = 0;
		};
/* End PBXSourcesBuildPhase section */

/* Begin PBXTargetDependency section */
		9FB7DB5F2143E36000A4A75A /* PBXTargetDependency */ = {
			isa = PBXTargetDependency;
			target = 9FB7DB552143E36000A4A75A /* ImageExportor */;
			targetProxy = 9FB7DB5E2143E36000A4A75A /* PBXContainerItemProxy */;
		};
/* End PBXTargetDependency section */

/* Begin PBXVariantGroup section */
		9F8F22FD2122DAA100F5617A /* Main.storyboard */ = {
			isa = PBXVariantGroup;
			children = (
				9F8F22FE2122DAA100F5617A /* Base */,
			);
			name = Main.storyboard;
			sourceTree = "<group>";
		};
		9F8F23052122DAA200F5617A /* LaunchScreen.storyboard */ = {
			isa = PBXVariantGroup;
			children = (
				9F8F23062122DAA200F5617A /* Base */,
			);
			name = LaunchScreen.storyboard;
			sourceTree = "<group>";
		};
		9FB7DB5A2143E36000A4A75A /* MainInterface.storyboard */ = {
			isa = PBXVariantGroup;
			children = (
				9FB7DB5B2143E36000A4A75A /* Base */,
			);
			name = MainInterface.storyboard;
			sourceTree = "<group>";
		};
/* End PBXVariantGroup section */

/* Begin XCBuildConfiguration section */
		9F8F23092122DAA200F5617A /* Debug */ = {
			isa = XCBuildConfiguration;
			buildSettings = {
				ALWAYS_SEARCH_USER_PATHS = NO;
				CLANG_ANALYZER_NONNULL = YES;
				CLANG_ANALYZER_NUMBER_OBJECT_CONVERSION = YES_AGGRESSIVE;
				CLANG_CXX_LANGUAGE_STANDARD = "gnu++14";
				CLANG_CXX_LIBRARY = "libc++";
				CLANG_ENABLE_MODULES = YES;
				CLANG_ENABLE_OBJC_ARC = YES;
				CLANG_ENABLE_OBJC_WEAK = YES;
				CLANG_WARN_BLOCK_CAPTURE_AUTORELEASING = YES;
				CLANG_WARN_BOOL_CONVERSION = YES;
				CLANG_WARN_COMMA = YES;
				CLANG_WARN_CONSTANT_CONVERSION = YES;
				CLANG_WARN_DEPRECATED_OBJC_IMPLEMENTATIONS = YES;
				CLANG_WARN_DIRECT_OBJC_ISA_USAGE = YES_ERROR;
				CLANG_WARN_DOCUMENTATION_COMMENTS = YES;
				CLANG_WARN_EMPTY_BODY = YES;
				CLANG_WARN_ENUM_CONVERSION = YES;
				CLANG_WARN_INFINITE_RECURSION = YES;
				CLANG_WARN_INT_CONVERSION = YES;
				CLANG_WARN_NON_LITERAL_NULL_CONVERSION = YES;
				CLANG_WARN_OBJC_IMPLICIT_RETAIN_SELF = YES;
				CLANG_WARN_OBJC_LITERAL_CONVERSION = YES;
				CLANG_WARN_OBJC_ROOT_CLASS = YES_ERROR;
				CLANG_WARN_RANGE_LOOP_ANALYSIS = YES;
				CLANG_WARN_STRICT_PROTOTYPES = YES;
				CLANG_WARN_SUSPICIOUS_MOVE = YES;
				CLANG_WARN_UNGUARDED_AVAILABILITY = YES_AGGRESSIVE;
				CLANG_WARN_UNREACHABLE_CODE = YES;
				CLANG_WARN__DUPLICATE_METHOD_MATCH = YES;
				CODE_SIGN_IDENTITY = "iPhone Developer";
				COPY_PHASE_STRIP = NO;
				DEBUG_INFORMATION_FORMAT = dwarf;
				ENABLE_STRICT_OBJC_MSGSEND = YES;
				ENABLE_TESTABILITY = YES;
				GCC_C_LANGUAGE_STANDARD = gnu11;
				GCC_DYNAMIC_NO_PIC = NO;
				GCC_NO_COMMON_BLOCKS = YES;
				GCC_OPTIMIZATION_LEVEL = 0;
				GCC_PREPROCESSOR_DEFINITIONS = (
					"DEBUG=1",
					"$(inherited)",
				);
				GCC_WARN_64_TO_32_BIT_CONVERSION = YES;
				GCC_WARN_ABOUT_RETURN_TYPE = YES_ERROR;
				GCC_WARN_UNDECLARED_SELECTOR = YES;
				GCC_WARN_UNINITIALIZED_AUTOS = YES_AGGRESSIVE;
				GCC_WARN_UNUSED_FUNCTION = YES;
				GCC_WARN_UNUSED_VARIABLE = YES;
				IPHONEOS_DEPLOYMENT_TARGET = 11.4;
				MTL_ENABLE_DEBUG_INFO = YES;
				ONLY_ACTIVE_ARCH = YES;
				SDKROOT = iphoneos;
				SWIFT_ACTIVE_COMPILATION_CONDITIONS = DEBUG;
				SWIFT_OPTIMIZATION_LEVEL = "-Onone";
			};
			name = Debug;
		};
		9F8F230A2122DAA200F5617A /* Release */ = {
			isa = XCBuildConfiguration;
			buildSettings = {
				ALWAYS_SEARCH_USER_PATHS = NO;
				CLANG_ANALYZER_NONNULL = YES;
				CLANG_ANALYZER_NUMBER_OBJECT_CONVERSION = YES_AGGRESSIVE;
				CLANG_CXX_LANGUAGE_STANDARD = "gnu++14";
				CLANG_CXX_LIBRARY = "libc++";
				CLANG_ENABLE_MODULES = YES;
				CLANG_ENABLE_OBJC_ARC = YES;
				CLANG_ENABLE_OBJC_WEAK = YES;
				CLANG_WARN_BLOCK_CAPTURE_AUTORELEASING = YES;
				CLANG_WARN_BOOL_CONVERSION = YES;
				CLANG_WARN_COMMA = YES;
				CLANG_WARN_CONSTANT_CONVERSION = YES;
				CLANG_WARN_DEPRECATED_OBJC_IMPLEMENTATIONS = YES;
				CLANG_WARN_DIRECT_OBJC_ISA_USAGE = YES_ERROR;
				CLANG_WARN_DOCUMENTATION_COMMENTS = YES;
				CLANG_WARN_EMPTY_BODY = YES;
				CLANG_WARN_ENUM_CONVERSION = YES;
				CLANG_WARN_INFINITE_RECURSION = YES;
				CLANG_WARN_INT_CONVERSION = YES;
				CLANG_WARN_NON_LITERAL_NULL_CONVERSION = YES;
				CLANG_WARN_OBJC_IMPLICIT_RETAIN_SELF = YES;
				CLANG_WARN_OBJC_LITERAL_CONVERSION = YES;
				CLANG_WARN_OBJC_ROOT_CLASS = YES_ERROR;
				CLANG_WARN_RANGE_LOOP_ANALYSIS = YES;
				CLANG_WARN_STRICT_PROTOTYPES = YES;
				CLANG_WARN_SUSPICIOUS_MOVE = YES;
				CLANG_WARN_UNGUARDED_AVAILABILITY = YES_AGGRESSIVE;
				CLANG_WARN_UNREACHABLE_CODE = YES;
				CLANG_WARN__DUPLICATE_METHOD_MATCH = YES;
				CODE_SIGN_IDENTITY = "iPhone Developer";
				COPY_PHASE_STRIP = NO;
				DEBUG_INFORMATION_FORMAT = "dwarf-with-dsym";
				ENABLE_NS_ASSERTIONS = NO;
				ENABLE_STRICT_OBJC_MSGSEND = YES;
				GCC_C_LANGUAGE_STANDARD = gnu11;
				GCC_NO_COMMON_BLOCKS = YES;
				GCC_WARN_64_TO_32_BIT_CONVERSION = YES;
				GCC_WARN_ABOUT_RETURN_TYPE = YES_ERROR;
				GCC_WARN_UNDECLARED_SELECTOR = YES;
				GCC_WARN_UNINITIALIZED_AUTOS = YES_AGGRESSIVE;
				GCC_WARN_UNUSED_FUNCTION = YES;
				GCC_WARN_UNUSED_VARIABLE = YES;
				IPHONEOS_DEPLOYMENT_TARGET = 11.4;
				MTL_ENABLE_DEBUG_INFO = NO;
				SDKROOT = iphoneos;
				SWIFT_COMPILATION_MODE = wholemodule;
				SWIFT_OPTIMIZATION_LEVEL = "-O";
				VALIDATE_PRODUCT = YES;
			};
			name = Release;
		};
		9F8F230C2122DAA200F5617A /* Debug */ = {
			isa = XCBuildConfiguration;
			baseConfigurationReference = E2D78E419ED8577DA16083E6 /* Pods-DroneSimulator.debug.xcconfig */;
			buildSettings = {
				ALWAYS_EMBED_SWIFT_STANDARD_LIBRARIES = YES;
				ASSETCATALOG_COMPILER_APPICON_NAME = AppIcon;
				CODE_SIGN_STYLE = Automatic;
				DEVELOPMENT_TEAM = 8ZMC86H7GX;
				INFOPLIST_FILE = DroneSimulator/Info.plist;
				LD_RUNPATH_SEARCH_PATHS = "$(inherited) @executable_path/Frameworks";
				PRODUCT_BUNDLE_IDENTIFIER = bbvch13531.DroneSimulator;
				PRODUCT_NAME = "$(TARGET_NAME)";
				SWIFT_VERSION = 4.0;
				TARGETED_DEVICE_FAMILY = "1,2";
			};
			name = Debug;
		};
		9F8F230D2122DAA200F5617A /* Release */ = {
			isa = XCBuildConfiguration;
			baseConfigurationReference = 8377F352983F31BE635E4001 /* Pods-DroneSimulator.release.xcconfig */;
			buildSettings = {
				ALWAYS_EMBED_SWIFT_STANDARD_LIBRARIES = YES;
				ASSETCATALOG_COMPILER_APPICON_NAME = AppIcon;
				CODE_SIGN_STYLE = Automatic;
				DEVELOPMENT_TEAM = 8ZMC86H7GX;
				INFOPLIST_FILE = DroneSimulator/Info.plist;
				LD_RUNPATH_SEARCH_PATHS = "$(inherited) @executable_path/Frameworks";
				PRODUCT_BUNDLE_IDENTIFIER = bbvch13531.DroneSimulator;
				PRODUCT_NAME = "$(TARGET_NAME)";
				SWIFT_VERSION = 4.0;
				TARGETED_DEVICE_FAMILY = "1,2";
			};
			name = Release;
		};
		9FB7DB622143E36000A4A75A /* Debug */ = {
			isa = XCBuildConfiguration;
			baseConfigurationReference = 06004B42AC3563ED890F0D43 /* Pods-ImageExportor.debug.xcconfig */;
			buildSettings = {
				CODE_SIGN_STYLE = Automatic;
				DEVELOPMENT_TEAM = 8ZMC86H7GX;
				INFOPLIST_FILE = ImageExportor/Info.plist;
				LD_RUNPATH_SEARCH_PATHS = "$(inherited) @executable_path/Frameworks @executable_path/../../Frameworks";
				PRODUCT_BUNDLE_IDENTIFIER = bbvch13531.DroneSimulator.ImageExportor;
				PRODUCT_NAME = "$(TARGET_NAME)";
				SKIP_INSTALL = YES;
				SWIFT_VERSION = 4.0;
				TARGETED_DEVICE_FAMILY = "1,2";
			};
			name = Debug;
		};
		9FB7DB632143E36000A4A75A /* Release */ = {
			isa = XCBuildConfiguration;
			baseConfigurationReference = 9BA64D5E024B907F0E4B670D /* Pods-ImageExportor.release.xcconfig */;
			buildSettings = {
				CODE_SIGN_STYLE = Automatic;
				DEVELOPMENT_TEAM = 8ZMC86H7GX;
				INFOPLIST_FILE = ImageExportor/Info.plist;
				LD_RUNPATH_SEARCH_PATHS = "$(inherited) @executable_path/Frameworks @executable_path/../../Frameworks";
				PRODUCT_BUNDLE_IDENTIFIER = bbvch13531.DroneSimulator.ImageExportor;
				PRODUCT_NAME = "$(TARGET_NAME)";
				SKIP_INSTALL = YES;
				SWIFT_VERSION = 4.0;
				TARGETED_DEVICE_FAMILY = "1,2";
			};
			name = Release;
		};
/* End XCBuildConfiguration section */

/* Begin XCConfigurationList section */
		9F8F22F12122DAA100F5617A /* Build configuration list for PBXProject "DroneSimulator" */ = {
			isa = XCConfigurationList;
			buildConfigurations = (
				9F8F23092122DAA200F5617A /* Debug */,
				9F8F230A2122DAA200F5617A /* Release */,
			);
			defaultConfigurationIsVisible = 0;
			defaultConfigurationName = Release;
		};
		9F8F230B2122DAA200F5617A /* Build configuration list for PBXNativeTarget "DroneSimulator" */ = {
			isa = XCConfigurationList;
			buildConfigurations = (
				9F8F230C2122DAA200F5617A /* Debug */,
				9F8F230D2122DAA200F5617A /* Release */,
			);
			defaultConfigurationIsVisible = 0;
			defaultConfigurationName = Release;
		};
		9FB7DB612143E36000A4A75A /* Build configuration list for PBXNativeTarget "ImageExportor" */ = {
			isa = XCConfigurationList;
			buildConfigurations = (
				9FB7DB622143E36000A4A75A /* Debug */,
				9FB7DB632143E36000A4A75A /* Release */,
			);
			defaultConfigurationIsVisible = 0;
			defaultConfigurationName = Release;
		};
/* End XCConfigurationList section */

/* Begin XCVersionGroup section */
		9F8F23002122DAA100F5617A /* DroneSimulator.xcdatamodeld */ = {
			isa = XCVersionGroup;
			children = (
				9F8F23012122DAA100F5617A /* DroneSimulator.xcdatamodel */,
			);
			currentVersion = 9F8F23012122DAA100F5617A /* DroneSimulator.xcdatamodel */;
			path = DroneSimulator.xcdatamodeld;
			sourceTree = "<group>";
			versionGroupType = wrapper.xcdatamodel;
		};
/* End XCVersionGroup section */
	};
	rootObject = 9F8F22EE2122DAA100F5617A /* Project object */;
}
